
Microsoft Visual Studio Solution File, Format Version 12.00
# Visual Studio 15
VisualStudioVersion = 15.0.26124.0
MinimumVisualStudioVersion = 15.0.26124.0
Project("{2150E333-8FDC-42A3-9474-1A3956D46DE8}") = "Infrastructure", "Infrastructure", "{7157C75A-FD10-460B-B747-46EA2AC93CA3}"
	ProjectSection(SolutionItems) = preProject
		Infrastructure\build.proj = Infrastructure\build.proj
	EndProjectSection
EndProject
Project("{2150E333-8FDC-42A3-9474-1A3956D46DE8}") = "Host", "Host", "{673964CD-F184-4238-9DCA-A6EA7C9E2C7F}"
	ProjectSection(SolutionItems) = preProject
		Infrastructure\Host\build.proj = Infrastructure\Host\build.proj
		Infrastructure\Host\web.config.xml = Infrastructure\Host\web.config.xml
	EndProjectSection
EndProject
Project("{2150E333-8FDC-42A3-9474-1A3956D46DE8}") = "_root", "_root", "{2E1ACA93-B1FB-4E31-A73A-3428C1C74A9F}"
	ProjectSection(SolutionItems) = preProject
		.gitignore = .gitignore
		build.proj = build.proj
		CommandPrompt.bat = CommandPrompt.bat
		docker-compose.yml = docker-compose.yml
		global.json = global.json
		LICENSE.txt = LICENSE.txt
		readme.md = readme.md
	EndProjectSection
EndProject
Project("{2150E333-8FDC-42A3-9474-1A3956D46DE8}") = "Build", "Build", "{9A8AE9CC-024C-4616-8B8B-E0A3B813BB82}"
	ProjectSection(SolutionItems) = preProject
		Build\App_Offline.htm = Build\App_Offline.htm
		Build\common.build.proj = Build\common.build.proj
		Build\common.targets = Build\common.targets
	EndProjectSection
EndProject
Project("{2150E333-8FDC-42A3-9474-1A3956D46DE8}") = "Lib", "Lib", "{C5979DA4-1E3E-4344-9BB1-1F103A17C811}"
	ProjectSection(SolutionItems) = preProject
		Infrastructure\Lib\build.proj = Infrastructure\Lib\build.proj
	EndProjectSection
EndProject
Project("{2150E333-8FDC-42A3-9474-1A3956D46DE8}") = "Modules", "Modules", "{43B44B4F-BCC4-412C-9664-C749BDC57565}"
	ProjectSection(SolutionItems) = preProject
		Modules\build.proj = Modules\build.proj
	EndProjectSection
EndProject
Project("{2150E333-8FDC-42A3-9474-1A3956D46DE8}") = "ProjectCreation", "ProjectCreation", "{A5DCD578-ECE9-4A21-85A9-93A1FA4542DF}"
	ProjectSection(SolutionItems) = preProject
		Modules\ProjectCreation\build.proj = Modules\ProjectCreation\build.proj
	EndProjectSection
EndProject
Project("{9A19103F-16F7-4668-BE54-9A1E7A4F7556}") = "Lucid.Modules.ProjectCreation", "Modules\ProjectCreation\Module\Lucid.Modules.ProjectCreation.csproj", "{82B9322E-7FC1-41CA-B444-759E274E13F5}"
EndProject
Project("{9A19103F-16F7-4668-BE54-9A1E7A4F7556}") = "Build.BuildUtil", "Build\BuildUtil\Build.BuildUtil.csproj", "{A4FEBFF7-A823-480A-B926-A17548BC4410}"
EndProject
Project("{9A19103F-16F7-4668-BE54-9A1E7A4F7556}") = "Lucid.Infrastructure.Lib.Testing", "Infrastructure\Lib\Testing\Lucid.Infrastructure.Lib.Testing.csproj", "{7B10D47E-748C-4603-8188-8E57095001B7}"
EndProject
Project("{9A19103F-16F7-4668-BE54-9A1E7A4F7556}") = "Lucid.Infrastructure.Host.Web", "Infrastructure\Host\Web\Lucid.Infrastructure.Host.Web.csproj", "{7705B555-3EE0-4B86-8BEF-ED1159C82F45}"
EndProject
Project("{9A19103F-16F7-4668-BE54-9A1E7A4F7556}") = "Lucid.Infrastructure.Host.Web.Tests", "Infrastructure\Host\Web.Tests\Lucid.Infrastructure.Host.Web.Tests.csproj", "{5A957B8F-7DBF-4989-ACFA-6BD59C257009}"
EndProject
Project("{9A19103F-16F7-4668-BE54-9A1E7A4F7556}") = "Lucid.Modules.ProjectCreation.Tests", "Modules\ProjectCreation\Tests\Lucid.Modules.ProjectCreation.Tests.csproj", "{A5C22845-613B-457B-8F5B-5F4E8CC13FB5}"
EndProject
Project("{9A19103F-16F7-4668-BE54-9A1E7A4F7556}") = "Lucid.Infrastructure.Lib.MvcApp", "Infrastructure\Lib\MvcApp\Lucid.Infrastructure.Lib.MvcApp.csproj", "{623F8080-8896-4836-B8C5-3B3B11448E62}"
EndProject
Project("{9A19103F-16F7-4668-BE54-9A1E7A4F7556}") = "Lucid.Infrastructure.Lib.MvcApp.Tests", "Infrastructure\Lib\MvcApp.Tests\Lucid.Infrastructure.Lib.MvcApp.Tests.csproj", "{44B2CB31-3F0C-4108-8E5B-58D85E677C02}"
EndProject
Project("{9A19103F-16F7-4668-BE54-9A1E7A4F7556}") = "Lucid.Infrastructure.Lib.Facade", "Infrastructure\Lib\Facade\Lucid.Infrastructure.Lib.Facade.csproj", "{B8A7348D-B678-489B-847D-D4226D44B66A}"
EndProject
Project("{9A19103F-16F7-4668-BE54-9A1E7A4F7556}") = "Lucid.Infrastructure.Lib.Domain", "Infrastructure\Lib\Domain\Lucid.Infrastructure.Lib.Domain.csproj", "{278D3B89-7D55-4FAE-A3F4-ABEE17257308}"
EndProject
Project("{2150E333-8FDC-42A3-9474-1A3956D46DE8}") = "Security", "Security", "{278F2112-9252-4D71-BD27-A0DAF59D4C2C}"
	ProjectSection(SolutionItems) = preProject
		Modules\Security\build.proj = Modules\Security\build.proj
	EndProjectSection
EndProject
Project("{9A19103F-16F7-4668-BE54-9A1E7A4F7556}") = "Lucid.Modules.Security", "Modules\Security\Module\Lucid.Modules.Security.csproj", "{D21B6119-CC47-4199-96B3-DF084470B2F8}"
EndProject
Project("{9A19103F-16F7-4668-BE54-9A1E7A4F7556}") = "Lucid.Modules.Security.Tests", "Modules\Security\Tests\Lucid.Modules.Security.Tests.csproj", "{43622633-2FB7-4DC4-9A23-0312BBC8B84B}"
EndProject
Project("{2150E333-8FDC-42A3-9474-1A3956D46DE8}") = "AppFactory", "AppFactory", "{68C5CF19-3968-4ECB-B885-8B861B8653B8}"
	ProjectSection(SolutionItems) = preProject
		Modules\AppFactory\build.proj = Modules\AppFactory\build.proj
	EndProjectSection
EndProject
Project("{2150E333-8FDC-42A3-9474-1A3956D46DE8}") = "Design", "Design", "{A7D581B0-9AB9-4A13-981C-E9E8EEDA6F43}"
	ProjectSection(SolutionItems) = preProject
		Modules\AppFactory\Design\build.proj = Modules\AppFactory\Design\build.proj
	EndProjectSection
EndProject
Project("{9A19103F-16F7-4668-BE54-9A1E7A4F7556}") = "Lucid.Modules.AppFactory.Design", "Modules\AppFactory\Design\Module\Lucid.Modules.AppFactory.Design.csproj", "{7D49B1C5-2DD2-4DA1-A6F1-4E07003BFC7B}"
EndProject
Project("{9A19103F-16F7-4668-BE54-9A1E7A4F7556}") = "Lucid.Modules.AppFactory.Design.Tests", "Modules\AppFactory\Design\Tests\Lucid.Modules.AppFactory.Design.Tests.csproj", "{BFA189F7-1772-4E70-924B-6396B27F5080}"
EndProject
Project("{9A19103F-16F7-4668-BE54-9A1E7A4F7556}") = "Lucid.Modules.AppFactory.Design.Contract", "Modules\AppFactory\Design\Contract\Lucid.Modules.AppFactory.Design.Contract.csproj", "{FB0BC786-9A16-41C8-AED1-ED6C18F01807}"
EndProject
Project("{FAE04EC0-301F-11D3-BF4B-00C04F79EFBC}") = "Lucid.Infrastructure.Lib.Util", "Infrastructure\Lib\Util\Lucid.Infrastructure.Lib.Util.csproj", "{2783F6B9-D2E8-4C2C-B258-FB90CA3A2BD4}"
EndProject
Project("{FAE04EC0-301F-11D3-BF4B-00C04F79EFBC}") = "Lucid.Modules.AppFactory.Design.Tests.Contract", "Modules\AppFactory\Design\Tests.Contract\Lucid.Modules.AppFactory.Design.Tests.Contract.csproj", "{BD4310C9-7920-40F0-A706-9467EAE62F15}"
EndProject
Global
	GlobalSection(SolutionConfigurationPlatforms) = preSolution
		Debug|Any CPU = Debug|Any CPU
		Debug|x64 = Debug|x64
		Debug|x86 = Debug|x86
		Release|Any CPU = Release|Any CPU
		Release|x64 = Release|x64
		Release|x86 = Release|x86
	EndGlobalSection
	GlobalSection(ProjectConfigurationPlatforms) = postSolution
		{82B9322E-7FC1-41CA-B444-759E274E13F5}.Debug|Any CPU.ActiveCfg = Debug|Any CPU
		{82B9322E-7FC1-41CA-B444-759E274E13F5}.Debug|Any CPU.Build.0 = Debug|Any CPU
		{82B9322E-7FC1-41CA-B444-759E274E13F5}.Debug|x64.ActiveCfg = Debug|Any CPU
		{82B9322E-7FC1-41CA-B444-759E274E13F5}.Debug|x64.Build.0 = Debug|Any CPU
		{82B9322E-7FC1-41CA-B444-759E274E13F5}.Debug|x86.ActiveCfg = Debug|Any CPU
		{82B9322E-7FC1-41CA-B444-759E274E13F5}.Debug|x86.Build.0 = Debug|Any CPU
		{82B9322E-7FC1-41CA-B444-759E274E13F5}.Release|Any CPU.ActiveCfg = Release|Any CPU
		{82B9322E-7FC1-41CA-B444-759E274E13F5}.Release|Any CPU.Build.0 = Release|Any CPU
		{82B9322E-7FC1-41CA-B444-759E274E13F5}.Release|x64.ActiveCfg = Release|Any CPU
		{82B9322E-7FC1-41CA-B444-759E274E13F5}.Release|x64.Build.0 = Release|Any CPU
		{82B9322E-7FC1-41CA-B444-759E274E13F5}.Release|x86.ActiveCfg = Release|Any CPU
		{82B9322E-7FC1-41CA-B444-759E274E13F5}.Release|x86.Build.0 = Release|Any CPU
		{A4FEBFF7-A823-480A-B926-A17548BC4410}.Debug|Any CPU.ActiveCfg = Debug|Any CPU
		{A4FEBFF7-A823-480A-B926-A17548BC4410}.Debug|Any CPU.Build.0 = Debug|Any CPU
		{A4FEBFF7-A823-480A-B926-A17548BC4410}.Debug|x64.ActiveCfg = Debug|Any CPU
		{A4FEBFF7-A823-480A-B926-A17548BC4410}.Debug|x64.Build.0 = Debug|Any CPU
		{A4FEBFF7-A823-480A-B926-A17548BC4410}.Debug|x86.ActiveCfg = Debug|Any CPU
		{A4FEBFF7-A823-480A-B926-A17548BC4410}.Debug|x86.Build.0 = Debug|Any CPU
		{A4FEBFF7-A823-480A-B926-A17548BC4410}.Release|Any CPU.ActiveCfg = Release|Any CPU
		{A4FEBFF7-A823-480A-B926-A17548BC4410}.Release|Any CPU.Build.0 = Release|Any CPU
		{A4FEBFF7-A823-480A-B926-A17548BC4410}.Release|x64.ActiveCfg = Release|Any CPU
		{A4FEBFF7-A823-480A-B926-A17548BC4410}.Release|x64.Build.0 = Release|Any CPU
		{A4FEBFF7-A823-480A-B926-A17548BC4410}.Release|x86.ActiveCfg = Release|Any CPU
		{A4FEBFF7-A823-480A-B926-A17548BC4410}.Release|x86.Build.0 = Release|Any CPU
		{7B10D47E-748C-4603-8188-8E57095001B7}.Debug|Any CPU.ActiveCfg = Debug|Any CPU
		{7B10D47E-748C-4603-8188-8E57095001B7}.Debug|Any CPU.Build.0 = Debug|Any CPU
		{7B10D47E-748C-4603-8188-8E57095001B7}.Debug|x64.ActiveCfg = Debug|Any CPU
		{7B10D47E-748C-4603-8188-8E57095001B7}.Debug|x64.Build.0 = Debug|Any CPU
		{7B10D47E-748C-4603-8188-8E57095001B7}.Debug|x86.ActiveCfg = Debug|Any CPU
		{7B10D47E-748C-4603-8188-8E57095001B7}.Debug|x86.Build.0 = Debug|Any CPU
		{7B10D47E-748C-4603-8188-8E57095001B7}.Release|Any CPU.ActiveCfg = Release|Any CPU
		{7B10D47E-748C-4603-8188-8E57095001B7}.Release|Any CPU.Build.0 = Release|Any CPU
		{7B10D47E-748C-4603-8188-8E57095001B7}.Release|x64.ActiveCfg = Release|Any CPU
		{7B10D47E-748C-4603-8188-8E57095001B7}.Release|x64.Build.0 = Release|Any CPU
		{7B10D47E-748C-4603-8188-8E57095001B7}.Release|x86.ActiveCfg = Release|Any CPU
		{7B10D47E-748C-4603-8188-8E57095001B7}.Release|x86.Build.0 = Release|Any CPU
		{7705B555-3EE0-4B86-8BEF-ED1159C82F45}.Debug|Any CPU.ActiveCfg = Debug|Any CPU
		{7705B555-3EE0-4B86-8BEF-ED1159C82F45}.Debug|Any CPU.Build.0 = Debug|Any CPU
		{7705B555-3EE0-4B86-8BEF-ED1159C82F45}.Debug|x64.ActiveCfg = Debug|Any CPU
		{7705B555-3EE0-4B86-8BEF-ED1159C82F45}.Debug|x64.Build.0 = Debug|Any CPU
		{7705B555-3EE0-4B86-8BEF-ED1159C82F45}.Debug|x86.ActiveCfg = Debug|Any CPU
		{7705B555-3EE0-4B86-8BEF-ED1159C82F45}.Debug|x86.Build.0 = Debug|Any CPU
		{7705B555-3EE0-4B86-8BEF-ED1159C82F45}.Release|Any CPU.ActiveCfg = Release|Any CPU
		{7705B555-3EE0-4B86-8BEF-ED1159C82F45}.Release|Any CPU.Build.0 = Release|Any CPU
		{7705B555-3EE0-4B86-8BEF-ED1159C82F45}.Release|x64.ActiveCfg = Release|Any CPU
		{7705B555-3EE0-4B86-8BEF-ED1159C82F45}.Release|x64.Build.0 = Release|Any CPU
		{7705B555-3EE0-4B86-8BEF-ED1159C82F45}.Release|x86.ActiveCfg = Release|Any CPU
		{7705B555-3EE0-4B86-8BEF-ED1159C82F45}.Release|x86.Build.0 = Release|Any CPU
		{5A957B8F-7DBF-4989-ACFA-6BD59C257009}.Debug|Any CPU.ActiveCfg = Debug|Any CPU
		{5A957B8F-7DBF-4989-ACFA-6BD59C257009}.Debug|Any CPU.Build.0 = Debug|Any CPU
		{5A957B8F-7DBF-4989-ACFA-6BD59C257009}.Debug|x64.ActiveCfg = Debug|Any CPU
		{5A957B8F-7DBF-4989-ACFA-6BD59C257009}.Debug|x64.Build.0 = Debug|Any CPU
		{5A957B8F-7DBF-4989-ACFA-6BD59C257009}.Debug|x86.ActiveCfg = Debug|Any CPU
		{5A957B8F-7DBF-4989-ACFA-6BD59C257009}.Debug|x86.Build.0 = Debug|Any CPU
		{5A957B8F-7DBF-4989-ACFA-6BD59C257009}.Release|Any CPU.ActiveCfg = Release|Any CPU
		{5A957B8F-7DBF-4989-ACFA-6BD59C257009}.Release|Any CPU.Build.0 = Release|Any CPU
		{5A957B8F-7DBF-4989-ACFA-6BD59C257009}.Release|x64.ActiveCfg = Release|Any CPU
		{5A957B8F-7DBF-4989-ACFA-6BD59C257009}.Release|x64.Build.0 = Release|Any CPU
		{5A957B8F-7DBF-4989-ACFA-6BD59C257009}.Release|x86.ActiveCfg = Release|Any CPU
		{5A957B8F-7DBF-4989-ACFA-6BD59C257009}.Release|x86.Build.0 = Release|Any CPU
		{A5C22845-613B-457B-8F5B-5F4E8CC13FB5}.Debug|Any CPU.ActiveCfg = Debug|Any CPU
		{A5C22845-613B-457B-8F5B-5F4E8CC13FB5}.Debug|Any CPU.Build.0 = Debug|Any CPU
		{A5C22845-613B-457B-8F5B-5F4E8CC13FB5}.Debug|x64.ActiveCfg = Debug|Any CPU
		{A5C22845-613B-457B-8F5B-5F4E8CC13FB5}.Debug|x64.Build.0 = Debug|Any CPU
		{A5C22845-613B-457B-8F5B-5F4E8CC13FB5}.Debug|x86.ActiveCfg = Debug|Any CPU
		{A5C22845-613B-457B-8F5B-5F4E8CC13FB5}.Debug|x86.Build.0 = Debug|Any CPU
		{A5C22845-613B-457B-8F5B-5F4E8CC13FB5}.Release|Any CPU.ActiveCfg = Release|Any CPU
		{A5C22845-613B-457B-8F5B-5F4E8CC13FB5}.Release|Any CPU.Build.0 = Release|Any CPU
		{A5C22845-613B-457B-8F5B-5F4E8CC13FB5}.Release|x64.ActiveCfg = Release|Any CPU
		{A5C22845-613B-457B-8F5B-5F4E8CC13FB5}.Release|x64.Build.0 = Release|Any CPU
		{A5C22845-613B-457B-8F5B-5F4E8CC13FB5}.Release|x86.ActiveCfg = Release|Any CPU
		{A5C22845-613B-457B-8F5B-5F4E8CC13FB5}.Release|x86.Build.0 = Release|Any CPU
		{623F8080-8896-4836-B8C5-3B3B11448E62}.Debug|Any CPU.ActiveCfg = Debug|Any CPU
		{623F8080-8896-4836-B8C5-3B3B11448E62}.Debug|Any CPU.Build.0 = Debug|Any CPU
		{623F8080-8896-4836-B8C5-3B3B11448E62}.Debug|x64.ActiveCfg = Debug|Any CPU
		{623F8080-8896-4836-B8C5-3B3B11448E62}.Debug|x64.Build.0 = Debug|Any CPU
		{623F8080-8896-4836-B8C5-3B3B11448E62}.Debug|x86.ActiveCfg = Debug|Any CPU
		{623F8080-8896-4836-B8C5-3B3B11448E62}.Debug|x86.Build.0 = Debug|Any CPU
		{623F8080-8896-4836-B8C5-3B3B11448E62}.Release|Any CPU.ActiveCfg = Release|Any CPU
		{623F8080-8896-4836-B8C5-3B3B11448E62}.Release|Any CPU.Build.0 = Release|Any CPU
		{623F8080-8896-4836-B8C5-3B3B11448E62}.Release|x64.ActiveCfg = Release|Any CPU
		{623F8080-8896-4836-B8C5-3B3B11448E62}.Release|x64.Build.0 = Release|Any CPU
		{623F8080-8896-4836-B8C5-3B3B11448E62}.Release|x86.ActiveCfg = Release|Any CPU
		{623F8080-8896-4836-B8C5-3B3B11448E62}.Release|x86.Build.0 = Release|Any CPU
		{44B2CB31-3F0C-4108-8E5B-58D85E677C02}.Debug|Any CPU.ActiveCfg = Debug|Any CPU
		{44B2CB31-3F0C-4108-8E5B-58D85E677C02}.Debug|Any CPU.Build.0 = Debug|Any CPU
		{44B2CB31-3F0C-4108-8E5B-58D85E677C02}.Debug|x64.ActiveCfg = Debug|Any CPU
		{44B2CB31-3F0C-4108-8E5B-58D85E677C02}.Debug|x64.Build.0 = Debug|Any CPU
		{44B2CB31-3F0C-4108-8E5B-58D85E677C02}.Debug|x86.ActiveCfg = Debug|Any CPU
		{44B2CB31-3F0C-4108-8E5B-58D85E677C02}.Debug|x86.Build.0 = Debug|Any CPU
		{44B2CB31-3F0C-4108-8E5B-58D85E677C02}.Release|Any CPU.ActiveCfg = Release|Any CPU
		{44B2CB31-3F0C-4108-8E5B-58D85E677C02}.Release|Any CPU.Build.0 = Release|Any CPU
		{44B2CB31-3F0C-4108-8E5B-58D85E677C02}.Release|x64.ActiveCfg = Release|Any CPU
		{44B2CB31-3F0C-4108-8E5B-58D85E677C02}.Release|x64.Build.0 = Release|Any CPU
		{44B2CB31-3F0C-4108-8E5B-58D85E677C02}.Release|x86.ActiveCfg = Release|Any CPU
		{44B2CB31-3F0C-4108-8E5B-58D85E677C02}.Release|x86.Build.0 = Release|Any CPU
		{B8A7348D-B678-489B-847D-D4226D44B66A}.Debug|Any CPU.ActiveCfg = Debug|Any CPU
		{B8A7348D-B678-489B-847D-D4226D44B66A}.Debug|Any CPU.Build.0 = Debug|Any CPU
		{B8A7348D-B678-489B-847D-D4226D44B66A}.Debug|x64.ActiveCfg = Debug|Any CPU
		{B8A7348D-B678-489B-847D-D4226D44B66A}.Debug|x64.Build.0 = Debug|Any CPU
		{B8A7348D-B678-489B-847D-D4226D44B66A}.Debug|x86.ActiveCfg = Debug|Any CPU
		{B8A7348D-B678-489B-847D-D4226D44B66A}.Debug|x86.Build.0 = Debug|Any CPU
		{B8A7348D-B678-489B-847D-D4226D44B66A}.Release|Any CPU.ActiveCfg = Release|Any CPU
		{B8A7348D-B678-489B-847D-D4226D44B66A}.Release|Any CPU.Build.0 = Release|Any CPU
		{B8A7348D-B678-489B-847D-D4226D44B66A}.Release|x64.ActiveCfg = Release|Any CPU
		{B8A7348D-B678-489B-847D-D4226D44B66A}.Release|x64.Build.0 = Release|Any CPU
		{B8A7348D-B678-489B-847D-D4226D44B66A}.Release|x86.ActiveCfg = Release|Any CPU
		{B8A7348D-B678-489B-847D-D4226D44B66A}.Release|x86.Build.0 = Release|Any CPU
		{278D3B89-7D55-4FAE-A3F4-ABEE17257308}.Debug|Any CPU.ActiveCfg = Debug|Any CPU
		{278D3B89-7D55-4FAE-A3F4-ABEE17257308}.Debug|Any CPU.Build.0 = Debug|Any CPU
		{278D3B89-7D55-4FAE-A3F4-ABEE17257308}.Debug|x64.ActiveCfg = Debug|Any CPU
		{278D3B89-7D55-4FAE-A3F4-ABEE17257308}.Debug|x64.Build.0 = Debug|Any CPU
		{278D3B89-7D55-4FAE-A3F4-ABEE17257308}.Debug|x86.ActiveCfg = Debug|Any CPU
		{278D3B89-7D55-4FAE-A3F4-ABEE17257308}.Debug|x86.Build.0 = Debug|Any CPU
		{278D3B89-7D55-4FAE-A3F4-ABEE17257308}.Release|Any CPU.ActiveCfg = Release|Any CPU
		{278D3B89-7D55-4FAE-A3F4-ABEE17257308}.Release|Any CPU.Build.0 = Release|Any CPU
		{278D3B89-7D55-4FAE-A3F4-ABEE17257308}.Release|x64.ActiveCfg = Release|Any CPU
		{278D3B89-7D55-4FAE-A3F4-ABEE17257308}.Release|x64.Build.0 = Release|Any CPU
		{278D3B89-7D55-4FAE-A3F4-ABEE17257308}.Release|x86.ActiveCfg = Release|Any CPU
		{278D3B89-7D55-4FAE-A3F4-ABEE17257308}.Release|x86.Build.0 = Release|Any CPU
		{D21B6119-CC47-4199-96B3-DF084470B2F8}.Debug|Any CPU.ActiveCfg = Debug|Any CPU
		{D21B6119-CC47-4199-96B3-DF084470B2F8}.Debug|Any CPU.Build.0 = Debug|Any CPU
		{D21B6119-CC47-4199-96B3-DF084470B2F8}.Debug|x64.ActiveCfg = Debug|Any CPU
		{D21B6119-CC47-4199-96B3-DF084470B2F8}.Debug|x64.Build.0 = Debug|Any CPU
		{D21B6119-CC47-4199-96B3-DF084470B2F8}.Debug|x86.ActiveCfg = Debug|Any CPU
		{D21B6119-CC47-4199-96B3-DF084470B2F8}.Debug|x86.Build.0 = Debug|Any CPU
		{D21B6119-CC47-4199-96B3-DF084470B2F8}.Release|Any CPU.ActiveCfg = Release|Any CPU
		{D21B6119-CC47-4199-96B3-DF084470B2F8}.Release|Any CPU.Build.0 = Release|Any CPU
		{D21B6119-CC47-4199-96B3-DF084470B2F8}.Release|x64.ActiveCfg = Release|Any CPU
		{D21B6119-CC47-4199-96B3-DF084470B2F8}.Release|x64.Build.0 = Release|Any CPU
		{D21B6119-CC47-4199-96B3-DF084470B2F8}.Release|x86.ActiveCfg = Release|Any CPU
		{D21B6119-CC47-4199-96B3-DF084470B2F8}.Release|x86.Build.0 = Release|Any CPU
		{43622633-2FB7-4DC4-9A23-0312BBC8B84B}.Debug|Any CPU.ActiveCfg = Debug|Any CPU
		{43622633-2FB7-4DC4-9A23-0312BBC8B84B}.Debug|Any CPU.Build.0 = Debug|Any CPU
		{43622633-2FB7-4DC4-9A23-0312BBC8B84B}.Debug|x64.ActiveCfg = Debug|Any CPU
		{43622633-2FB7-4DC4-9A23-0312BBC8B84B}.Debug|x64.Build.0 = Debug|Any CPU
		{43622633-2FB7-4DC4-9A23-0312BBC8B84B}.Debug|x86.ActiveCfg = Debug|Any CPU
		{43622633-2FB7-4DC4-9A23-0312BBC8B84B}.Debug|x86.Build.0 = Debug|Any CPU
		{43622633-2FB7-4DC4-9A23-0312BBC8B84B}.Release|Any CPU.ActiveCfg = Release|Any CPU
		{43622633-2FB7-4DC4-9A23-0312BBC8B84B}.Release|Any CPU.Build.0 = Release|Any CPU
		{43622633-2FB7-4DC4-9A23-0312BBC8B84B}.Release|x64.ActiveCfg = Release|Any CPU
		{43622633-2FB7-4DC4-9A23-0312BBC8B84B}.Release|x64.Build.0 = Release|Any CPU
		{43622633-2FB7-4DC4-9A23-0312BBC8B84B}.Release|x86.ActiveCfg = Release|Any CPU
		{43622633-2FB7-4DC4-9A23-0312BBC8B84B}.Release|x86.Build.0 = Release|Any CPU
		{7D49B1C5-2DD2-4DA1-A6F1-4E07003BFC7B}.Debug|Any CPU.ActiveCfg = Debug|Any CPU
		{7D49B1C5-2DD2-4DA1-A6F1-4E07003BFC7B}.Debug|Any CPU.Build.0 = Debug|Any CPU
		{7D49B1C5-2DD2-4DA1-A6F1-4E07003BFC7B}.Debug|x64.ActiveCfg = Debug|Any CPU
		{7D49B1C5-2DD2-4DA1-A6F1-4E07003BFC7B}.Debug|x64.Build.0 = Debug|Any CPU
		{7D49B1C5-2DD2-4DA1-A6F1-4E07003BFC7B}.Debug|x86.ActiveCfg = Debug|Any CPU
		{7D49B1C5-2DD2-4DA1-A6F1-4E07003BFC7B}.Debug|x86.Build.0 = Debug|Any CPU
		{7D49B1C5-2DD2-4DA1-A6F1-4E07003BFC7B}.Release|Any CPU.ActiveCfg = Release|Any CPU
		{7D49B1C5-2DD2-4DA1-A6F1-4E07003BFC7B}.Release|Any CPU.Build.0 = Release|Any CPU
		{7D49B1C5-2DD2-4DA1-A6F1-4E07003BFC7B}.Release|x64.ActiveCfg = Release|Any CPU
		{7D49B1C5-2DD2-4DA1-A6F1-4E07003BFC7B}.Release|x64.Build.0 = Release|Any CPU
		{7D49B1C5-2DD2-4DA1-A6F1-4E07003BFC7B}.Release|x86.ActiveCfg = Release|Any CPU
		{7D49B1C5-2DD2-4DA1-A6F1-4E07003BFC7B}.Release|x86.Build.0 = Release|Any CPU
		{BFA189F7-1772-4E70-924B-6396B27F5080}.Debug|Any CPU.ActiveCfg = Debug|Any CPU
		{BFA189F7-1772-4E70-924B-6396B27F5080}.Debug|Any CPU.Build.0 = Debug|Any CPU
		{BFA189F7-1772-4E70-924B-6396B27F5080}.Debug|x64.ActiveCfg = Debug|Any CPU
		{BFA189F7-1772-4E70-924B-6396B27F5080}.Debug|x64.Build.0 = Debug|Any CPU
		{BFA189F7-1772-4E70-924B-6396B27F5080}.Debug|x86.ActiveCfg = Debug|Any CPU
		{BFA189F7-1772-4E70-924B-6396B27F5080}.Debug|x86.Build.0 = Debug|Any CPU
		{BFA189F7-1772-4E70-924B-6396B27F5080}.Release|Any CPU.ActiveCfg = Release|Any CPU
		{BFA189F7-1772-4E70-924B-6396B27F5080}.Release|Any CPU.Build.0 = Release|Any CPU
		{BFA189F7-1772-4E70-924B-6396B27F5080}.Release|x64.ActiveCfg = Release|Any CPU
		{BFA189F7-1772-4E70-924B-6396B27F5080}.Release|x64.Build.0 = Release|Any CPU
		{BFA189F7-1772-4E70-924B-6396B27F5080}.Release|x86.ActiveCfg = Release|Any CPU
		{BFA189F7-1772-4E70-924B-6396B27F5080}.Release|x86.Build.0 = Release|Any CPU
		{FB0BC786-9A16-41C8-AED1-ED6C18F01807}.Debug|Any CPU.ActiveCfg = Debug|Any CPU
		{FB0BC786-9A16-41C8-AED1-ED6C18F01807}.Debug|Any CPU.Build.0 = Debug|Any CPU
		{FB0BC786-9A16-41C8-AED1-ED6C18F01807}.Debug|x64.ActiveCfg = Debug|Any CPU
		{FB0BC786-9A16-41C8-AED1-ED6C18F01807}.Debug|x64.Build.0 = Debug|Any CPU
		{FB0BC786-9A16-41C8-AED1-ED6C18F01807}.Debug|x86.ActiveCfg = Debug|Any CPU
		{FB0BC786-9A16-41C8-AED1-ED6C18F01807}.Debug|x86.Build.0 = Debug|Any CPU
		{FB0BC786-9A16-41C8-AED1-ED6C18F01807}.Release|Any CPU.ActiveCfg = Release|Any CPU
		{FB0BC786-9A16-41C8-AED1-ED6C18F01807}.Release|Any CPU.Build.0 = Release|Any CPU
		{FB0BC786-9A16-41C8-AED1-ED6C18F01807}.Release|x64.ActiveCfg = Release|Any CPU
		{FB0BC786-9A16-41C8-AED1-ED6C18F01807}.Release|x64.Build.0 = Release|Any CPU
		{FB0BC786-9A16-41C8-AED1-ED6C18F01807}.Release|x86.ActiveCfg = Release|Any CPU
		{FB0BC786-9A16-41C8-AED1-ED6C18F01807}.Release|x86.Build.0 = Release|Any CPU
		{2783F6B9-D2E8-4C2C-B258-FB90CA3A2BD4}.Debug|Any CPU.ActiveCfg = Debug|Any CPU
		{2783F6B9-D2E8-4C2C-B258-FB90CA3A2BD4}.Debug|Any CPU.Build.0 = Debug|Any CPU
		{2783F6B9-D2E8-4C2C-B258-FB90CA3A2BD4}.Debug|x64.ActiveCfg = Debug|Any CPU
		{2783F6B9-D2E8-4C2C-B258-FB90CA3A2BD4}.Debug|x64.Build.0 = Debug|Any CPU
		{2783F6B9-D2E8-4C2C-B258-FB90CA3A2BD4}.Debug|x86.ActiveCfg = Debug|Any CPU
		{2783F6B9-D2E8-4C2C-B258-FB90CA3A2BD4}.Debug|x86.Build.0 = Debug|Any CPU
		{2783F6B9-D2E8-4C2C-B258-FB90CA3A2BD4}.Release|Any CPU.ActiveCfg = Release|Any CPU
		{2783F6B9-D2E8-4C2C-B258-FB90CA3A2BD4}.Release|Any CPU.Build.0 = Release|Any CPU
		{2783F6B9-D2E8-4C2C-B258-FB90CA3A2BD4}.Release|x64.ActiveCfg = Release|Any CPU
		{2783F6B9-D2E8-4C2C-B258-FB90CA3A2BD4}.Release|x64.Build.0 = Release|Any CPU
		{2783F6B9-D2E8-4C2C-B258-FB90CA3A2BD4}.Release|x86.ActiveCfg = Release|Any CPU
		{2783F6B9-D2E8-4C2C-B258-FB90CA3A2BD4}.Release|x86.Build.0 = Release|Any CPU
		{BD4310C9-7920-40F0-A706-9467EAE62F15}.Debug|Any CPU.ActiveCfg = Debug|Any CPU
		{BD4310C9-7920-40F0-A706-9467EAE62F15}.Debug|Any CPU.Build.0 = Debug|Any CPU
		{BD4310C9-7920-40F0-A706-9467EAE62F15}.Debug|x64.ActiveCfg = Debug|Any CPU
		{BD4310C9-7920-40F0-A706-9467EAE62F15}.Debug|x64.Build.0 = Debug|Any CPU
		{BD4310C9-7920-40F0-A706-9467EAE62F15}.Debug|x86.ActiveCfg = Debug|Any CPU
		{BD4310C9-7920-40F0-A706-9467EAE62F15}.Debug|x86.Build.0 = Debug|Any CPU
		{BD4310C9-7920-40F0-A706-9467EAE62F15}.Release|Any CPU.ActiveCfg = Release|Any CPU
		{BD4310C9-7920-40F0-A706-9467EAE62F15}.Release|Any CPU.Build.0 = Release|Any CPU
		{BD4310C9-7920-40F0-A706-9467EAE62F15}.Release|x64.ActiveCfg = Release|Any CPU
		{BD4310C9-7920-40F0-A706-9467EAE62F15}.Release|x64.Build.0 = Release|Any CPU
		{BD4310C9-7920-40F0-A706-9467EAE62F15}.Release|x86.ActiveCfg = Release|Any CPU
		{BD4310C9-7920-40F0-A706-9467EAE62F15}.Release|x86.Build.0 = Release|Any CPU
	EndGlobalSection
	GlobalSection(SolutionProperties) = preSolution
		HideSolutionNode = FALSE
	EndGlobalSection
	GlobalSection(NestedProjects) = preSolution
		{673964CD-F184-4238-9DCA-A6EA7C9E2C7F} = {7157C75A-FD10-460B-B747-46EA2AC93CA3}
		{C5979DA4-1E3E-4344-9BB1-1F103A17C811} = {7157C75A-FD10-460B-B747-46EA2AC93CA3}
		{A5DCD578-ECE9-4A21-85A9-93A1FA4542DF} = {43B44B4F-BCC4-412C-9664-C749BDC57565}
		{82B9322E-7FC1-41CA-B444-759E274E13F5} = {A5DCD578-ECE9-4A21-85A9-93A1FA4542DF}
		{A4FEBFF7-A823-480A-B926-A17548BC4410} = {9A8AE9CC-024C-4616-8B8B-E0A3B813BB82}
		{7B10D47E-748C-4603-8188-8E57095001B7} = {C5979DA4-1E3E-4344-9BB1-1F103A17C811}
		{7705B555-3EE0-4B86-8BEF-ED1159C82F45} = {673964CD-F184-4238-9DCA-A6EA7C9E2C7F}
		{5A957B8F-7DBF-4989-ACFA-6BD59C257009} = {673964CD-F184-4238-9DCA-A6EA7C9E2C7F}
		{A5C22845-613B-457B-8F5B-5F4E8CC13FB5} = {A5DCD578-ECE9-4A21-85A9-93A1FA4542DF}
		{623F8080-8896-4836-B8C5-3B3B11448E62} = {C5979DA4-1E3E-4344-9BB1-1F103A17C811}
		{44B2CB31-3F0C-4108-8E5B-58D85E677C02} = {C5979DA4-1E3E-4344-9BB1-1F103A17C811}
		{B8A7348D-B678-489B-847D-D4226D44B66A} = {C5979DA4-1E3E-4344-9BB1-1F103A17C811}
		{278D3B89-7D55-4FAE-A3F4-ABEE17257308} = {C5979DA4-1E3E-4344-9BB1-1F103A17C811}
		{278F2112-9252-4D71-BD27-A0DAF59D4C2C} = {43B44B4F-BCC4-412C-9664-C749BDC57565}
		{D21B6119-CC47-4199-96B3-DF084470B2F8} = {278F2112-9252-4D71-BD27-A0DAF59D4C2C}
		{43622633-2FB7-4DC4-9A23-0312BBC8B84B} = {278F2112-9252-4D71-BD27-A0DAF59D4C2C}
		{68C5CF19-3968-4ECB-B885-8B861B8653B8} = {43B44B4F-BCC4-412C-9664-C749BDC57565}
		{A7D581B0-9AB9-4A13-981C-E9E8EEDA6F43} = {68C5CF19-3968-4ECB-B885-8B861B8653B8}
		{7D49B1C5-2DD2-4DA1-A6F1-4E07003BFC7B} = {A7D581B0-9AB9-4A13-981C-E9E8EEDA6F43}
		{BFA189F7-1772-4E70-924B-6396B27F5080} = {A7D581B0-9AB9-4A13-981C-E9E8EEDA6F43}
		{FB0BC786-9A16-41C8-AED1-ED6C18F01807} = {A7D581B0-9AB9-4A13-981C-E9E8EEDA6F43}
		{2783F6B9-D2E8-4C2C-B258-FB90CA3A2BD4} = {C5979DA4-1E3E-4344-9BB1-1F103A17C811}
		{BD4310C9-7920-40F0-A706-9467EAE62F15} = {A7D581B0-9AB9-4A13-981C-E9E8EEDA6F43}
	EndGlobalSection
	GlobalSection(ExtensibilityGlobals) = postSolution
		SolutionGuid = {27488AA5-5058-4F4D-A53B-1E0907BD5009}
	EndGlobalSection
EndGlobal
